<?xml version="1.0" encoding="utf-8"?>
<Project ToolsVersion="4.0" xmlns="http://schemas.microsoft.com/developer/msbuild/2003">
  <ItemGroup>
    <ClCompile Include="src\main.cpp" />
    <ClCompile Include="src\collision.cpp" />
    <ClCompile Include="src\physics.cpp" />
  </ItemGroup>
  <ItemGroup>
    <ClInclude Include="src\collision.h" />
    <ClInclude Include="src\physics.h" />
    <ClInclude Include="dep\include\linalg.h" />
  </ItemGroup>
</Project>