
Microsoft Visual Studio Solution File, Format Version 12.00
# Visual Studio 15
VisualStudioVersion = 15.0.26711.1
MinimumVisualStudioVersion = 10.0.40219.1
Project("{8BC9CEB8-8B4A-11D0-8D11-00A0C91BC942}") = "sim", "sim.vcxproj", "{C59A5B70-C4CC-4D55-9AC2-0A318B8EFCCA}"
EndProject
Project("{8BC9CEB8-8B4A-11D0-8D11-00A0C91BC942}") = "glfw", "dep\glfw-3.2.1\glfw.vcxproj", "{33B62D16-17EF-48BD-89C9-3DC72A1ACE92}"
EndProject
Global
	GlobalSection(SolutionConfigurationPlatforms) = preSolution
		Debug|x64 = Debug|x64
		Debug|x86 = Debug|x86
		Release|x64 = Release|x64
		Release|x86 = Release|x86
	EndGlobalSection
	GlobalSection(ProjectConfigurationPlatforms) = postSolution
		{C59A5B70-C4CC-4D55-9AC2-0A318B8EFCCA}.Debug|x64.ActiveCfg = Debug|x64
		{C59A5B70-C4CC-4D55-9AC2-0A318B8EFCCA}.Debug|x64.Build.0 = Debug|x64
		{C59A5B70-C4CC-4D55-9AC2-0A318B8EFCCA}.Debug|x86.ActiveCfg = Debug|Win32
		{C59A5B70-C4CC-4D55-9AC2-0A318B8EFCCA}.Debug|x86.Build.0 = Debug|Win32
		{C59A5B70-C4CC-4D55-9AC2-0A318B8EFCCA}.Release|x64.ActiveCfg = Release|x64
		{C59A5B70-C4CC-4D55-9AC2-0A318B8EFCCA}.Release|x64.Build.0 = Release|x64
		{C59A5B70-C4CC-4D55-9AC2-0A318B8EFCCA}.Release|x86.ActiveCfg = Release|Win32
		{C59A5B70-C4CC-4D55-9AC2-0A318B8EFCCA}.Release|x86.Build.0 = Release|Win32
		{33B62D16-17EF-48BD-89C9-3DC72A1ACE92}.Debug|x64.ActiveCfg = Debug|x64
		{33B62D16-17EF-48BD-89C9-3DC72A1ACE92}.Debug|x64.Build.0 = Debug|x64
		{33B62D16-17EF-48BD-89C9-3DC72A1ACE92}.Debug|x86.ActiveCfg = Debug|Win32
		{33B62D16-17EF-48BD-89C9-3DC72A1ACE92}.Debug|x86.Build.0 = Debug|Win32
		{33B62D16-17EF-48BD-89C9-3DC72A1ACE92}.Release|x64.ActiveCfg = Release|x64
		{33B62D16-17EF-48BD-89C9-3DC72A1ACE92}.Release|x64.Build.0 = Release|x64
		{33B62D16-17EF-48BD-89C9-3DC72A1ACE92}.Release|x86.ActiveCfg = Release|Win32
		{33B62D16-17EF-48BD-89C9-3DC72A1ACE92}.Release|x86.Build.0 = Release|Win32
	EndGlobalSection
	GlobalSection(SolutionProperties) = preSolution
		HideSolutionNode = FALSE
	EndGlobalSection
	GlobalSection(ExtensibilityGlobals) = postSolution
		SolutionGuid = {8671E7D7-59CD-4025-8C43-FB012DC34AFC}
	EndGlobalSection
EndGlobal
